// !$*UTF8*$!
{
	archiveVersion = 1;
	classes = {
	};
	objectVersion = 46;
	objects = {

/* Begin PBXBuildFile section */
		54BD2E95150C58A9000926AA /* UIKit.framework in Frameworks */ = {isa = PBXBuildFile; fileRef = 54BD2E94150C58A9000926AA /* UIKit.framework */; };
		54BD2E97150C58A9000926AA /* Foundation.framework in Frameworks */ = {isa = PBXBuildFile; fileRef = 54BD2E96150C58A9000926AA /* Foundation.framework */; };
		54BD2E99150C58A9000926AA /* CoreGraphics.framework in Frameworks */ = {isa = PBXBuildFile; fileRef = 54BD2E98150C58A9000926AA /* CoreGraphics.framework */; };
		54BD2E9F150C58A9000926AA /* InfoPlist.strings in Resources */ = {isa = PBXBuildFile; fileRef = 54BD2E9D150C58A9000926AA /* InfoPlist.strings */; };
		54BD2EA1150C58A9000926AA /* main.m in Sources */ = {isa = PBXBuildFile; fileRef = 54BD2EA0150C58A9000926AA /* main.m */; };
		54BD2EA5150C58A9000926AA /* AppDelegate.m in Sources */ = {isa = PBXBuildFile; fileRef = 54BD2EA4150C58A9000926AA /* AppDelegate.m */; };
		54BD2EA8150C58A9000926AA /* ViewController.m in Sources */ = {isa = PBXBuildFile; fileRef = 54BD2EA7150C58A9000926AA /* ViewController.m */; };
		54BD2EAB150C58A9000926AA /* ViewController.xib in Resources */ = {isa = PBXBuildFile; fileRef = 54BD2EA9150C58A9000926AA /* ViewController.xib */; };
/* End PBXBuildFile section */

/* Begin PBXFileReference section */
		54BD2E90150C58A9000926AA /* Calculator.app */ = {isa = PBXFileReference; explicitFileType = wrapper.application; includeInIndex = 0; path = Calculator.app; sourceTree = BUILT_PRODUCTS_DIR; };
		54BD2E94150C58A9000926AA /* UIKit.framework */ = {isa = PBXFileReference; lastKnownFileType = wrapper.framework; name = UIKit.framework; path = System/Library/Frameworks/UIKit.framework; sourceTree = SDKROOT; };
		54BD2E96150C58A9000926AA /* Foundation.framework */ = {isa = PBXFileReference; lastKnownFileType = wrapper.framework; name = Foundation.framework; path = System/Library/Frameworks/Foundation.framework; sourceTree = SDKROOT; };
		54BD2E98150C58A9000926AA /* CoreGraphics.framework */ = {isa = PBXFileReference; lastKnownFileType = wrapper.framework; name = CoreGraphics.framework; path = System/Library/Frameworks/CoreGraphics.framework; sourceTree = SDKROOT; };
		54BD2E9C150C58A9000926AA /* Calculator-Info.plist */ = {isa = PBXFileReference; path = "Calculator-Info.plist"; sourceTree = "<group>"; };
		54BD2E9E150C58A9000926AA /* en */ = {isa = PBXFileReference; lastKnownFileType = text.plist.strings; name = en; path = en.lproj/InfoPlist.strings; sourceTree = "<group>"; };
		54BD2EA0150C58A9000926AA /* main.m */ = {isa = PBXFileReference; lastKnownFileType = sourcecode.c.objc; path = main.m; sourceTree = "<group>"; };
		54BD2EA2150C58A9000926AA /* Calculator-Prefix.pch */ = {isa = PBXFileReference; path = "Calculator-Prefix.pch"; sourceTree = "<group>"; };
		54BD2EA3150C58A9000926AA /* AppDelegate.h */ = {isa = PBXFileReference; path = AppDelegate.h; sourceTree = "<group>"; };
		54BD2EA4150C58A9000926AA /* AppDelegate.m */ = {isa = PBXFileReference; lastKnownFileType = sourcecode.c.objc; path = AppDelegate.m; sourceTree = "<group>"; };
		54BD2EA6150C58A9000926AA /* ViewController.h */ = {isa = PBXFileReference; path = ViewController.h; sourceTree = "<group>"; };
		54BD2EA7150C58A9000926AA /* ViewController.m */ = {isa = PBXFileReference; lastKnownFileType = sourcecode.c.objc; path = ViewController.m; sourceTree = "<group>"; };
		54BD2EAA150C58A9000926AA /* en */ = {isa = PBXFileReference; lastKnownFileType = file.xib; name = en; path = en.lproj/ViewController.xib; sourceTree = "<group>"; };
/* End PBXFileReference section */

/* Begin PBXFrameworksBuildPhase section */
		54BD2E8D150C58A8000926AA /* Frameworks */ = {
			isa = PBXFrameworksBuildPhase;
			buildActionMask = 2147483647;
			files = (
				54BD2E95150C58A9000926AA /* UIKit.framework in Frameworks */,
				54BD2E97150C58A9000926AA /* Foundation.framework in Frameworks */,
				54BD2E99150C58A9000926AA /* CoreGraphics.framework in Frameworks */,
			);
			runOnlyForDeploymentPostprocessing = 0;
		};
/* End PBXFrameworksBuildPhase section */

/* Begin PBXGroup section */
		54BD2E85150C58A8000926AA = {
			isa = PBXGroup;
			children = (
				54BD2E9A150C58A9000926AA /* Calculator */,
				54BD2E93150C58A9000926AA /* Frameworks */,
				54BD2E91150C58A9000926AA /* Products */,
			);
			sourceTree = "<group>";
		};
		54BD2E91150C58A9000926AA /* Products */ = {
			isa = PBXGroup;
			children = (
				54BD2E90150C58A9000926AA /* Calculator.app */,
			);
			name = Products;
			sourceTree = "<group>";
		};
		54BD2E93150C58A9000926AA /* Frameworks */ = {
			isa = PBXGroup;
			children = (
				54BD2E94150C58A9000926AA /* UIKit.framework */,
				54BD2E96150C58A9000926AA /* Foundation.framework */,
				54BD2E98150C58A9000926AA /* CoreGraphics.framework */,
			);
			name = Frameworks;
			sourceTree = "<group>";
		};
		54BD2E9A150C58A9000926AA /* Calculator */ = {
			isa = PBXGroup;
			children = (
				54BD2EA3150C58A9000926AA /* AppDelegate.h */,
				54BD2EA4150C58A9000926AA /* AppDelegate.m */,
				54BD2EA6150C58A9000926AA /* ViewController.h */,
				54BD2EA7150C58A9000926AA /* ViewController.m */,
				54BD2EA9150C58A9000926AA /* ViewController.xib */,
				54BD2E9B150C58A9000926AA /* Supporting Files */,
			);
			path = Calculator;
			sourceTree = "<group>";
		};
		54BD2E9B150C58A9000926AA /* Supporting Files */ = {
			isa = PBXGroup;
			children = (
				54BD2E9C150C58A9000926AA /* Calculator-Info.plist */,
				54BD2E9D150C58A9000926AA /* InfoPlist.strings */,
				54BD2EA0150C58A9000926AA /* main.m */,
				54BD2EA2150C58A9000926AA /* Calculator-Prefix.pch */,
			);
			name = "Supporting Files";
			sourceTree = "<group>";
		};
/* End PBXGroup section */

/* Begin PBXNativeTarget section */
		54BD2E8F150C58A8000926AA /* Calculator */ = {
			isa = PBXNativeTarget;
			buildConfigurationList = 54BD2EAE150C58A9000926AA /* Build configuration list for PBXNativeTarget "Calculator" */;
			buildPhases = (
				54BD2E8C150C58A8000926AA /* Sources */,
				54BD2E8D150C58A8000926AA /* Frameworks */,
				54BD2E8E150C58A8000926AA /* Resources */,
			);
			buildRules = (
			);
			dependencies = (
			);
			name = Calculator;
			productName = Calculator;
			productReference = 54BD2E90150C58A9000926AA /* Calculator.app */;
			productType = "com.apple.product-type.application";
		};
/* End PBXNativeTarget section */

/* Begin PBXProject section */
		54BD2E87150C58A8000926AA /* Project object */ = {
			isa = PBXProject;
			attributes = {
				LastUpgradeCheck = 0430;
			};
			buildConfigurationList = 54BD2E8A150C58A8000926AA /* Build configuration list for PBXProject "Calculator" */;
			compatibilityVersion = "Xcode 3.2";
			developmentRegion = English;
			hasScannedForEncodings = 0;
			knownRegions = (
				en,
			);
			mainGroup = 54BD2E85150C58A8000926AA;
			productRefGroup = 54BD2E91150C58A9000926AA /* Products */;
			projectDirPath = "";
			projectRoot = "";
			targets = (
				54BD2E8F150C58A8000926AA /* Calculator */,
			);
		};
/* End PBXProject section */

/* Begin PBXResourcesBuildPhase section */
		54BD2E8E150C58A8000926AA /* Resources */ = {
			isa = PBXResourcesBuildPhase;
			buildActionMask = 2147483647;
			files = (
				54BD2E9F150C58A9000926AA /* InfoPlist.strings in Resources */,
				54BD2EAB150C58A9000926AA /* ViewController.xib in Resources */,
			);
			runOnlyForDeploymentPostprocessing = 0;
		};
/* End PBXResourcesBuildPhase section */

/* Begin PBXSourcesBuildPhase section */
		54BD2E8C150C58A8000926AA /* Sources */ = {
			isa = PBXSourcesBuildPhase;
			buildActionMask = 2147483647;
			files = (
				54BD2EA1150C58A9000926AA /* main.m in Sources */,
				54BD2EA5150C58A9000926AA /* AppDelegate.m in Sources */,
				54BD2EA8150C58A9000926AA /* ViewController.m in Sources */,
			);
			runOnlyForDeploymentPostprocessing = 0;
		};
/* End PBXSourcesBuildPhase section */

/* Begin PBXVariantGroup section */
		54BD2E9D150C58A9000926AA /* InfoPlist.strings */ = {
			isa = PBXVariantGroup;
			children = (
				54BD2E9E150C58A9000926AA /* en */,
			);
			name = InfoPlist.strings;
			sourceTree = "<group>";
		};
		54BD2EA9150C58A9000926AA /* ViewController.xib */ = {
			isa = PBXVariantGroup;
			children = (
				54BD2EAA150C58A9000926AA /* en */,
			);
			name = ViewController.xib;
			sourceTree = "<group>";
		};
/* End PBXVariantGroup section */

/* Begin XCBuildConfiguration section */
		54BD2EAC150C58A9000926AA /* Debug */ = {
			isa = XCBuildConfiguration;
			buildSettings = {
				ALWAYS_SEARCH_USER_PATHS = NO;
				ARCHS = "$(ARCHS_STANDARD_32_BIT)";
				"CODE_SIGN_IDENTITY[sdk=iphoneos*]" = "iPhone Developer";
				COPY_PHASE_STRIP = NO;
				GCC_C_LANGUAGE_STANDARD = gnu99;
				GCC_DYNAMIC_NO_PIC = NO;
				GCC_OPTIMIZATION_LEVEL = 0;
				GCC_PREPROCESSOR_DEFINITIONS = (
					"DEBUG=1",
					"$(inherited)",
				);
				GCC_SYMBOLS_PRIVATE_EXTERN = NO;
				GCC_VERSION = com.apple.compilers.llvm.clang.1_0;
				GCC_WARN_ABOUT_RETURN_TYPE = YES;
				GCC_WARN_UNINITIALIZED_AUTOS = YES;
				GCC_WARN_UNUSED_VARIABLE = YES;
				IPHONEOS_DEPLOYMENT_TARGET = 5.0;
				SDKROOT = iphoneos;
			};
			name = Debug;
		};
		54BD2EAD150C58A9000926AA /* Release */ = {
			isa = XCBuildConfiguration;
			buildSettings = {
				ALWAYS_SEARCH_USER_PATHS = NO;
				ARCHS = "$(ARCHS_STANDARD_32_BIT)";
				"CODE_SIGN_IDENTITY[sdk=iphoneos*]" = "iPhone Developer";
				COPY_PHASE_STRIP = YES;
				GCC_C_LANGUAGE_STANDARD = gnu99;
				GCC_VERSION = com.apple.compilers.llvm.clang.1_0;
				GCC_WARN_ABOUT_RETURN_TYPE = YES;
				GCC_WARN_UNINITIALIZED_AUTOS = YES;
				GCC_WARN_UNUSED_VARIABLE = YES;
				IPHONEOS_DEPLOYMENT_TARGET = 5.0;
				OTHER_CFLAGS = "-DNS_BLOCK_ASSERTIONS=1";
				SDKROOT = iphoneos;
				VALIDATE_PRODUCT = YES;
			};
			name = Release;
		};
		54BD2EAF150C58A9000926AA /* Debug */ = {
			isa = XCBuildConfiguration;
			buildSettings = {
				GCC_PRECOMPILE_PREFIX_HEADER = YES;
				GCC_PREFIX_HEADER = "Calculator/Calculator-Prefix.pch";
				INFOPLIST_FILE = "Calculator/Calculator-Info.plist";
				PRODUCT_NAME = "$(TARGET_NAME)";
				WRAPPER_EXTENSION = app;
			};
			name = Debug;
		};
		54BD2EB0150C58A9000926AA /* Release */ = {
			isa = XCBuildConfiguration;
			buildSettings = {
				GCC_PRECOMPILE_PREFIX_HEADER = YES;
				GCC_PREFIX_HEADER = "Calculator/Calculator-Prefix.pch";
				INFOPLIST_FILE = "Calculator/Calculator-Info.plist";
				PRODUCT_NAME = "$(TARGET_NAME)";
				WRAPPER_EXTENSION = app;
			};
			name = Release;
		};
/* End XCBuildConfiguration section */

/* Begin XCConfigurationList section */
		54BD2E8A150C58A8000926AA /* Build configuration list for PBXProject "Calculator" */ = {
			isa = XCConfigurationList;
			buildConfigurations = (
				54BD2EAC150C58A9000926AA /* Debug */,
				54BD2EAD150C58A9000926AA /* Release */,
			);
			defaultConfigurationIsVisible = 0;
			defaultConfigurationName = Release;
		};
		54BD2EAE150C58A9000926AA /* Build configuration list for PBXNativeTarget "Calculator" */ = {
			isa = XCConfigurationList;
			buildConfigurations = (
				54BD2EAF150C58A9000926AA /* Debug */,
				54BD2EB0150C58A9000926AA /* Release */,
			);
			defaultConfigurationIsVisible = 0;
		};
/* End XCConfigurationList section */
	};
	rootObject = 54BD2E87150C58A8000926AA /* Project object */;
}
